# THIS IS AN AUTOGENERATED FILE. DO NOT EDIT THIS FILE DIRECTLY.
# yarn lockfile v1


bulma-carousel@^4.0.24:
  version "4.0.24"
  resolved "https://registry.yarnpkg.com/bulma-carousel/-/bulma-carousel-4.0.24.tgz#fa0e56650fccc77d44b05628a941287ba7aadc5b"
  integrity sha512-DLYKmf/iHH8yAQSo8+O/cQvSVSAo15f+XmbiQvAvu5hUJs5O8I40RbZqrF9OougNs4n4JMokPEIBUiDGAsFuRA==
